// !$*UTF8*$!
{
	archiveVersion = 1;
	classes = {
	};
	objectVersion = 77;
	objects = {

/* Begin PBXBuildFile section */
		442D5AB02DFFB069002E4E68 /* ReactorKit in Frameworks */ = {isa = PBXBuildFile; productRef = 442D5AAF2DFFB069002E4E68 /* ReactorKit */; };
		443905122E0A78800092F53C /* Auth in Frameworks */ = {isa = PBXBuildFile; productRef = 443905112E0A78800092F53C /* Auth */; };
		443905142E0A78800092F53C /* Storage in Frameworks */ = {isa = PBXBuildFile; productRef = 443905132E0A78800092F53C /* Storage */; };
		443905162E0A78800092F53C /* Supabase in Frameworks */ = {isa = PBXBuildFile; productRef = 443905152E0A78800092F53C /* Supabase */; };
		4468B8B72DEC961600AD2F57 /* .swiftlint.yml in Resources */ = {isa = PBXBuildFile; fileRef = 4468B8B62DEC961600AD2F57 /* .swiftlint.yml */; };
		44DFD9CF2DE9D36400B6CD87 /* RxCocoa in Frameworks */ = {isa = PBXBuildFile; productRef = 44DFD9CE2DE9D36400B6CD87 /* RxCocoa */; };
		44DFD9D12DE9D36400B6CD87 /* RxRelay in Frameworks */ = {isa = PBXBuildFile; productRef = 44DFD9D02DE9D36400B6CD87 /* RxRelay */; };
		44DFD9D32DE9D36400B6CD87 /* RxSwift in Frameworks */ = {isa = PBXBuildFile; productRef = 44DFD9D22DE9D36400B6CD87 /* RxSwift */; };
		44DFD9D62DE9D37000B6CD87 /* SnapKit in Frameworks */ = {isa = PBXBuildFile; productRef = 44DFD9D52DE9D37000B6CD87 /* SnapKit */; };
		44DFD9DC2DE9D39300B6CD87 /* Kingfisher in Frameworks */ = {isa = PBXBuildFile; productRef = 44DFD9DB2DE9D39300B6CD87 /* Kingfisher */; };
		9F3CC6F62E140D3300FB8755 /* RxCocoa in Frameworks */ = {isa = PBXBuildFile; productRef = 9F3CC6F52E140D3300FB8755 /* RxCocoa */; };
		9F3CC6F82E140D3300FB8755 /* RxRelay in Frameworks */ = {isa = PBXBuildFile; productRef = 9F3CC6F72E140D3300FB8755 /* RxRelay */; };
		9F3CC6FA2E140D3300FB8755 /* RxSwift in Frameworks */ = {isa = PBXBuildFile; productRef = 9F3CC6F92E140D3300FB8755 /* RxSwift */; };
		9F3CC6FC2E140D3300FB8755 /* SnapKit in Frameworks */ = {isa = PBXBuildFile; productRef = 9F3CC6FB2E140D3300FB8755 /* SnapKit */; };
		9F3CC6FE2E140D3300FB8755 /* Kingfisher in Frameworks */ = {isa = PBXBuildFile; productRef = 9F3CC6FD2E140D3300FB8755 /* Kingfisher */; };
		9F3CCB3C2E1414C900FB8755 /* ReactorKit in Frameworks */ = {isa = PBXBuildFile; productRef = 9F3CCB3B2E1414C900FB8755 /* ReactorKit */; };
		9F781F192DF6CEFC00D7BEC6 /* ShareExtension.appex in Embed Foundation Extensions */ = {isa = PBXBuildFile; fileRef = 9F781F0F2DF6CEFC00D7BEC6 /* ShareExtension.appex */; settings = {ATTRIBUTES = (RemoveHeadersOnCopy, ); }; };
		E5C2F0E72E0D0045006BAC60 /* GoogleSignIn in Frameworks */ = {isa = PBXBuildFile; productRef = E5C2F0E62E0D0045006BAC60 /* GoogleSignIn */; };
/* End PBXBuildFile section */

/* Begin PBXContainerItemProxy section */
		4439FF992E0913270092F53C /* PBXContainerItemProxy */ = {
			isa = PBXContainerItemProxy;
			containerPortal = 44DFD9AD2DE9D0E000B6CD87 /* Project object */;
			proxyType = 1;
			remoteGlobalIDString = 44DFD9B42DE9D0E000B6CD87;
			remoteInfo = Clipster;
		};
		9F781F172DF6CEFC00D7BEC6 /* PBXContainerItemProxy */ = {
			isa = PBXContainerItemProxy;
			containerPortal = 44DFD9AD2DE9D0E000B6CD87 /* Project object */;
			proxyType = 1;
			remoteGlobalIDString = 9F781F0E2DF6CEFC00D7BEC6;
			remoteInfo = ShareExtension;
		};
/* End PBXContainerItemProxy section */

/* Begin PBXCopyFilesBuildPhase section */
		9F781F1A2DF6CEFC00D7BEC6 /* Embed Foundation Extensions */ = {
			isa = PBXCopyFilesBuildPhase;
			buildActionMask = 2147483647;
			dstPath = "";
			dstSubfolderSpec = 13;
			files = (
				9F781F192DF6CEFC00D7BEC6 /* ShareExtension.appex in Embed Foundation Extensions */,
			);
			name = "Embed Foundation Extensions";
			runOnlyForDeploymentPostprocessing = 0;
		};
/* End PBXCopyFilesBuildPhase section */

/* Begin PBXFileReference section */
		4439FF952E0913270092F53C /* ClipsterTests.xctest */ = {isa = PBXFileReference; explicitFileType = wrapper.cfbundle; includeInIndex = 0; path = ClipsterTests.xctest; sourceTree = BUILT_PRODUCTS_DIR; };
		4468B8B62DEC961600AD2F57 /* .swiftlint.yml */ = {isa = PBXFileReference; lastKnownFileType = text.yaml; path = .swiftlint.yml; sourceTree = "<group>"; };
		44DFD9B52DE9D0E000B6CD87 /* Clipster.app */ = {isa = PBXFileReference; explicitFileType = wrapper.application; includeInIndex = 0; path = Clipster.app; sourceTree = BUILT_PRODUCTS_DIR; };
		9F781F0F2DF6CEFC00D7BEC6 /* ShareExtension.appex */ = {isa = PBXFileReference; explicitFileType = "wrapper.app-extension"; includeInIndex = 0; path = ShareExtension.appex; sourceTree = BUILT_PRODUCTS_DIR; };
/* End PBXFileReference section */

/* Begin PBXFileSystemSynchronizedBuildFileExceptionSet section */
		44DFD9C72DE9D0E200B6CD87 /* Exceptions for "Clipster" folder in "Clipster" target */ = {
			isa = PBXFileSystemSynchronizedBuildFileExceptionSet;
			membershipExceptions = (
				App/Derived/Info.plist,
			);
			target = 44DFD9B42DE9D0E000B6CD87 /* Clipster */;
		};
		9F3CB6A92E13FE0300FB8755 /* Exceptions for "Clipster" folder in "ShareExtension" target */ = {
			isa = PBXFileSystemSynchronizedBuildFileExceptionSet;
			membershipExceptions = (
				Data/Error/CoreDataError.swift,
				Data/Error/DatabaseError.swift,
				Data/Model/Cache/FolderClipCache.swift,
				Data/Model/Network/UserDTO.swift,
				Data/Model/Persistence/ClipEntity.swift,
				Data/Model/Persistence/Clipster.xcdatamodeld,
				Data/Model/Persistence/FolderEntity.swift,
				Data/Model/Persistence/URLMetadataEntity.swift,
				Data/Persistence/CoreDataStack.swift,
				Data/Persistence/DefaultClipStorage.swift,
				Data/Persistence/DefaultFolderStorage.swift,
				Data/Protocol/Persistence/ClipStorage.swift,
				Data/Protocol/Persistence/FolderStorage.swift,
				Data/Repository/Clip/DefaultClipRepository.swift,
				Data/Repository/Folder/DefaultFolderRepository.swift,
				Data/Repository/URL/DefaultURLRepository.swift,
				Data/Util/Mapper/DomainMapper.swift,
				Domain/Error/DomainError.swift,
				Domain/Error/URLValidationError.swift,
				Domain/Model/Entity/Clip.swift,
				Domain/Model/Entity/Folder.swift,
				Domain/Model/Entity/URLMetadata.swift,
				Domain/Model/Entity/User.swift,
				Domain/Model/VO/SavePathOption.swift,
				Domain/Protocol/Repository/Clip/ClipRepository.swift,
				Domain/Protocol/Repository/Folder/FolderRepository.swift,
				Domain/Protocol/Repository/URL/URLRepository.swift,
				Domain/Protocol/UseCase/Clip/CreateClipUseCase.swift,
				Domain/Protocol/UseCase/Folder/FetchTopLevelFoldersUseCase.swift,
				Domain/Protocol/UseCase/Folder/FilterSubfoldersUseCase.swift,
				Domain/Protocol/UseCase/Folder/FindFolderPathUseCase.swift,
				Domain/Protocol/UseCase/Setting/FetchSavePathLayoutOptionUseCase.swift,
				Domain/Protocol/UseCase/ShareExtension/ExtractExtensionContextUseCase.swift,
				Domain/Protocol/UseCase/URL/ParseURLUseCase.swift,
				Domain/Protocol/UseCase/URL/SanitizeURLUseCase.swift,
				Domain/UseCase/Clip/DefaultCreateClipUseCase.swift,
				Domain/UseCase/Folder/DefaultFetchTopLevelFoldersUseCase.swift,
				Domain/UseCase/Folder/DefaultFilterSubfoldersUseCase.swift,
				Domain/UseCase/Folder/DefaultFindFolderPathUseCase.swift,
				Domain/UseCase/Setting/DefaultFetchSavePathLayoutOptionUseCase.swift,
				Domain/UseCase/ShareExtension/DefaultExtractExtensionContextUseCase.swift,
				Domain/UseCase/URL/DefaultParseURLUseCase.swift,
				Domain/UseCase/URL/DefaultSanitizeURLUseCase.swift,
				Presentation/Model/FolderDisplay.swift,
				Presentation/Model/ParseResultType.swift,
				Presentation/Model/URLMetadataDisplay.swift,
				Presentation/Resource/Color.xcassets,
				Presentation/Resource/Icon.xcassets,
				Presentation/Scene/Common/Button/AddButton.swift,
				Presentation/Scene/Common/Button/BackButton.swift,
				Presentation/Scene/Common/Button/CancelButton.swift,
				Presentation/Scene/Common/Button/ConfirmButton.swift,
				Presentation/Scene/Common/Button/SaveButton.swift,
				Presentation/Scene/Common/Button/SelectButton.swift,
				Presentation/Scene/Common/StackView/URLMetadataStackView.swift,
				Presentation/Scene/Common/TextField/CommonTextField.swift,
				Presentation/Scene/Common/View/CommonNavigationView.swift,
				Presentation/Scene/Common/View/FolderRowView.swift,
				Presentation/Scene/Common/View/MemoView.swift,
				Presentation/Scene/Common/View/SelectedFolderView.swift,
				Presentation/Scene/EditClip/Subview/StackView/URLValidationStackView.swift,
				Presentation/Scene/FolderSelector/Reactor/FolderSelectorReactor.swift,
				Presentation/Scene/FolderSelector/Subview/Cell/AccordionCell.swift,
				Presentation/Scene/FolderSelector/Subview/Cell/FolderSelectorCell.swift,
				Presentation/Scene/FolderSelector/Subview/View/FolderSelectorView.swift,
				Presentation/Scene/FolderSelector/ViewController/FolderSelectorViewController.swift,
				"Presentation/Util/Extension/Foundation/String+Extension.swift",
				"Presentation/Util/Extension/Rx/Observable+Extension.swift",
				"Presentation/Util/Extension/UIKit/CALayer+Extension.swift",
				"Presentation/Util/Extension/UIKit/UIFont+Extension.swift",
				"Presentation/Util/Extension/UIKit/UITableViewCell+Extension.swift",
				"Presentation/Util/Extension/UIKit/UIViewController+Extension.swift",
				Presentation/Util/Mapper/FolderDisplayMapper.swift,
				Presentation/Util/Mapper/URLMetadataDisplayMapper.swift,
			);
			target = 9F781F0E2DF6CEFC00D7BEC6 /* ShareExtension */;
		};
		9F781F1E2DF6CEFC00D7BEC6 /* Exceptions for "ShareExtension" folder in "ShareExtension" target */ = {
			isa = PBXFileSystemSynchronizedBuildFileExceptionSet;
			membershipExceptions = (
				Info.plist,
			);
			target = 9F781F0E2DF6CEFC00D7BEC6 /* ShareExtension */;
		};
		9FDF69602E14ECDB00EDBAA7 /* Exceptions for "ShareExtension" folder in "Clipster" target */ = {
			isa = PBXFileSystemSynchronizedBuildFileExceptionSet;
			membershipExceptions = (
				Reactor/ShareReactor.swift,
			);
			target = 44DFD9B42DE9D0E000B6CD87 /* Clipster */;
		};
/* End PBXFileSystemSynchronizedBuildFileExceptionSet section */

/* Begin PBXFileSystemSynchronizedRootGroup section */
		4439FF962E0913270092F53C /* ClipsterTests */ = {
			isa = PBXFileSystemSynchronizedRootGroup;
			path = ClipsterTests;
			sourceTree = "<group>";
		};
		44DFD9B72DE9D0E000B6CD87 /* Clipster */ = {
			isa = PBXFileSystemSynchronizedRootGroup;
			exceptions = (
				44DFD9C72DE9D0E200B6CD87 /* Exceptions for "Clipster" folder in "Clipster" target */,
				9F3CB6A92E13FE0300FB8755 /* Exceptions for "Clipster" folder in "ShareExtension" target */,
			);
			path = Clipster;
			sourceTree = "<group>";
		};
		9F781F102DF6CEFC00D7BEC6 /* ShareExtension */ = {
			isa = PBXFileSystemSynchronizedRootGroup;
			exceptions = (
				9FDF69602E14ECDB00EDBAA7 /* Exceptions for "ShareExtension" folder in "Clipster" target */,
				9F781F1E2DF6CEFC00D7BEC6 /* Exceptions for "ShareExtension" folder in "ShareExtension" target */,
			);
			path = ShareExtension;
			sourceTree = "<group>";
		};
/* End PBXFileSystemSynchronizedRootGroup section */

/* Begin PBXFrameworksBuildPhase section */
		4439FF922E0913270092F53C /* Frameworks */ = {
			isa = PBXFrameworksBuildPhase;
			buildActionMask = 2147483647;
			files = (
			);
			runOnlyForDeploymentPostprocessing = 0;
		};
		44DFD9B22DE9D0E000B6CD87 /* Frameworks */ = {
			isa = PBXFrameworksBuildPhase;
			buildActionMask = 2147483647;
			files = (
				44DFD9DC2DE9D39300B6CD87 /* Kingfisher in Frameworks */,
				44DFD9D32DE9D36400B6CD87 /* RxSwift in Frameworks */,
				44DFD9D62DE9D37000B6CD87 /* SnapKit in Frameworks */,
				443905122E0A78800092F53C /* Auth in Frameworks */,
				443905142E0A78800092F53C /* Storage in Frameworks */,
				E5C2F0E72E0D0045006BAC60 /* GoogleSignIn in Frameworks */,
				443905162E0A78800092F53C /* Supabase in Frameworks */,
				44DFD9D12DE9D36400B6CD87 /* RxRelay in Frameworks */,
				442D5AB02DFFB069002E4E68 /* ReactorKit in Frameworks */,
				44DFD9CF2DE9D36400B6CD87 /* RxCocoa in Frameworks */,
			);
			runOnlyForDeploymentPostprocessing = 0;
		};
		9F781F0C2DF6CEFC00D7BEC6 /* Frameworks */ = {
			isa = PBXFrameworksBuildPhase;
			buildActionMask = 2147483647;
			files = (
				9F3CC6FA2E140D3300FB8755 /* RxSwift in Frameworks */,
				9F3CC6FC2E140D3300FB8755 /* SnapKit in Frameworks */,
				9F3CC6F82E140D3300FB8755 /* RxRelay in Frameworks */,
				9F3CC6F62E140D3300FB8755 /* RxCocoa in Frameworks */,
				9F3CCB3C2E1414C900FB8755 /* ReactorKit in Frameworks */,
				9F3CC6FE2E140D3300FB8755 /* Kingfisher in Frameworks */,
			);
			runOnlyForDeploymentPostprocessing = 0;
		};
/* End PBXFrameworksBuildPhase section */

/* Begin PBXGroup section */
		44DFD9AC2DE9D0E000B6CD87 = {
			isa = PBXGroup;
			children = (
				4468B8B62DEC961600AD2F57 /* .swiftlint.yml */,
				44DFD9B72DE9D0E000B6CD87 /* Clipster */,
				9F781F102DF6CEFC00D7BEC6 /* ShareExtension */,
				4439FF962E0913270092F53C /* ClipsterTests */,
				9F3CC6F42E140D3300FB8755 /* Frameworks */,
				44DFD9B62DE9D0E000B6CD87 /* Products */,
			);
			sourceTree = "<group>";
		};
		44DFD9B62DE9D0E000B6CD87 /* Products */ = {
			isa = PBXGroup;
			children = (
				44DFD9B52DE9D0E000B6CD87 /* Clipster.app */,
				9F781F0F2DF6CEFC00D7BEC6 /* ShareExtension.appex */,
				4439FF952E0913270092F53C /* ClipsterTests.xctest */,
			);
			name = Products;
			sourceTree = "<group>";
		};
		9F3CC6F42E140D3300FB8755 /* Frameworks */ = {
			isa = PBXGroup;
			children = (
			);
			name = Frameworks;
			sourceTree = "<group>";
		};
/* End PBXGroup section */

/* Begin PBXNativeTarget section */
		4439FF942E0913270092F53C /* ClipsterTests */ = {
			isa = PBXNativeTarget;
			buildConfigurationList = 4439FF9D2E0913270092F53C /* Build configuration list for PBXNativeTarget "ClipsterTests" */;
			buildPhases = (
				4439FF912E0913270092F53C /* Sources */,
				4439FF922E0913270092F53C /* Frameworks */,
				4439FF932E0913270092F53C /* Resources */,
			);
			buildRules = (
			);
			dependencies = (
				4439FF9A2E0913270092F53C /* PBXTargetDependency */,
			);
			fileSystemSynchronizedGroups = (
				4439FF962E0913270092F53C /* ClipsterTests */,
			);
			name = ClipsterTests;
			packageProductDependencies = (
			);
			productName = ClipsterTests;
			productReference = 4439FF952E0913270092F53C /* ClipsterTests.xctest */;
			productType = "com.apple.product-type.bundle.unit-test";
		};
		44DFD9B42DE9D0E000B6CD87 /* Clipster */ = {
			isa = PBXNativeTarget;
			buildConfigurationList = 44DFD9C82DE9D0E200B6CD87 /* Build configuration list for PBXNativeTarget "Clipster" */;
			buildPhases = (
				4468BB792DED43DD00AD2F57 /* Run SwiftLint Script */,
				44DFD9B12DE9D0E000B6CD87 /* Sources */,
				44DFD9B22DE9D0E000B6CD87 /* Frameworks */,
				44DFD9B32DE9D0E000B6CD87 /* Resources */,
				9F781F1A2DF6CEFC00D7BEC6 /* Embed Foundation Extensions */,
			);
			buildRules = (
			);
			dependencies = (
				9F781F182DF6CEFC00D7BEC6 /* PBXTargetDependency */,
			);
			fileSystemSynchronizedGroups = (
				44DFD9B72DE9D0E000B6CD87 /* Clipster */,
			);
			name = Clipster;
			packageProductDependencies = (
				44DFD9CE2DE9D36400B6CD87 /* RxCocoa */,
				44DFD9D02DE9D36400B6CD87 /* RxRelay */,
				44DFD9D22DE9D36400B6CD87 /* RxSwift */,
				44DFD9D52DE9D37000B6CD87 /* SnapKit */,
				44DFD9DB2DE9D39300B6CD87 /* Kingfisher */,
				442D5AAF2DFFB069002E4E68 /* ReactorKit */,
				443905112E0A78800092F53C /* Auth */,
				443905132E0A78800092F53C /* Storage */,
				443905152E0A78800092F53C /* Supabase */,
				E5C2F0E62E0D0045006BAC60 /* GoogleSignIn */,
			);
			productName = Clipster;
			productReference = 44DFD9B52DE9D0E000B6CD87 /* Clipster.app */;
			productType = "com.apple.product-type.application";
		};
		9F781F0E2DF6CEFC00D7BEC6 /* ShareExtension */ = {
			isa = PBXNativeTarget;
			buildConfigurationList = 9F781F1D2DF6CEFC00D7BEC6 /* Build configuration list for PBXNativeTarget "ShareExtension" */;
			buildPhases = (
				9F781F0B2DF6CEFC00D7BEC6 /* Sources */,
				9F781F0C2DF6CEFC00D7BEC6 /* Frameworks */,
				9F781F0D2DF6CEFC00D7BEC6 /* Resources */,
			);
			buildRules = (
			);
			dependencies = (
			);
			fileSystemSynchronizedGroups = (
				9F781F102DF6CEFC00D7BEC6 /* ShareExtension */,
			);
			name = ShareExtension;
			packageProductDependencies = (
				9F3CC6F52E140D3300FB8755 /* RxCocoa */,
				9F3CC6F72E140D3300FB8755 /* RxRelay */,
				9F3CC6F92E140D3300FB8755 /* RxSwift */,
				9F3CC6FB2E140D3300FB8755 /* SnapKit */,
				9F3CC6FD2E140D3300FB8755 /* Kingfisher */,
				9F3CCB3B2E1414C900FB8755 /* ReactorKit */,
			);
			productName = ShareExtension;
			productReference = 9F781F0F2DF6CEFC00D7BEC6 /* ShareExtension.appex */;
			productType = "com.apple.product-type.app-extension";
		};
/* End PBXNativeTarget section */

/* Begin PBXProject section */
		44DFD9AD2DE9D0E000B6CD87 /* Project object */ = {
			isa = PBXProject;
			attributes = {
				BuildIndependentTargetsInParallel = 1;
				LastSwiftUpdateCheck = 1640;
				LastUpgradeCheck = 1640;
				TargetAttributes = {
					4439FF942E0913270092F53C = {
						CreatedOnToolsVersion = 16.4;
						TestTargetID = 44DFD9B42DE9D0E000B6CD87;
					};
					44DFD9B42DE9D0E000B6CD87 = {
						CreatedOnToolsVersion = 16.3;
					};
					9F781F0E2DF6CEFC00D7BEC6 = {
						CreatedOnToolsVersion = 16.4;
					};
				};
			};
			buildConfigurationList = 44DFD9B02DE9D0E000B6CD87 /* Build configuration list for PBXProject "Clipster" */;
			developmentRegion = ko;
			hasScannedForEncodings = 0;
			knownRegions = (
				en,
				Base,
				ko,
			);
			mainGroup = 44DFD9AC2DE9D0E000B6CD87;
			minimizedProjectReferenceProxies = 1;
			packageReferences = (
				44DFD9CD2DE9D36400B6CD87 /* XCRemoteSwiftPackageReference "RxSwift" */,
				44DFD9D42DE9D37000B6CD87 /* XCRemoteSwiftPackageReference "SnapKit" */,
				44DFD9DA2DE9D39300B6CD87 /* XCRemoteSwiftPackageReference "Kingfisher" */,
				442D5AAE2DFFB069002E4E68 /* XCRemoteSwiftPackageReference "ReactorKit" */,
				443905102E0A78800092F53C /* XCRemoteSwiftPackageReference "supabase-swift" */,
				E5C2F0E52E0D0045006BAC60 /* XCRemoteSwiftPackageReference "GoogleSignIn-iOS" */,
			);
			preferredProjectObjectVersion = 77;
			productRefGroup = 44DFD9B62DE9D0E000B6CD87 /* Products */;
			projectDirPath = "";
			projectRoot = "";
			targets = (
				44DFD9B42DE9D0E000B6CD87 /* Clipster */,
				9F781F0E2DF6CEFC00D7BEC6 /* ShareExtension */,
				4439FF942E0913270092F53C /* ClipsterTests */,
			);
		};
/* End PBXProject section */

/* Begin PBXResourcesBuildPhase section */
		4439FF932E0913270092F53C /* Resources */ = {
			isa = PBXResourcesBuildPhase;
			buildActionMask = 2147483647;
			files = (
			);
			runOnlyForDeploymentPostprocessing = 0;
		};
		44DFD9B32DE9D0E000B6CD87 /* Resources */ = {
			isa = PBXResourcesBuildPhase;
			buildActionMask = 2147483647;
			files = (
				4468B8B72DEC961600AD2F57 /* .swiftlint.yml in Resources */,
			);
			runOnlyForDeploymentPostprocessing = 0;
		};
		9F781F0D2DF6CEFC00D7BEC6 /* Resources */ = {
			isa = PBXResourcesBuildPhase;
			buildActionMask = 2147483647;
			files = (
			);
			runOnlyForDeploymentPostprocessing = 0;
		};
/* End PBXResourcesBuildPhase section */

/* Begin PBXShellScriptBuildPhase section */
		4468BB792DED43DD00AD2F57 /* Run SwiftLint Script */ = {
			isa = PBXShellScriptBuildPhase;
			alwaysOutOfDate = 1;
			buildActionMask = 2147483647;
			files = (
			);
			inputFileListPaths = (
			);
			inputPaths = (
			);
			name = "Run SwiftLint Script";
			outputFileListPaths = (
			);
			outputPaths = (
			);
			runOnlyForDeploymentPostprocessing = 0;
			shellPath = /bin/sh;
			shellScript = "if [[ \"$(uname -m)\" == arm64 ]]; then\n    export PATH=\"/opt/homebrew/bin:$PATH\"\nfi\n\nif which swiftlint > /dev/null; then\n  swiftlint\nelse\n  echo \"warning: SwiftLint not installed, download from https://github.com/realm/SwiftLint\"\nfi\n";
			showEnvVarsInLog = 0;
		};
/* End PBXShellScriptBuildPhase section */

/* Begin PBXSourcesBuildPhase section */
		4439FF912E0913270092F53C /* Sources */ = {
			isa = PBXSourcesBuildPhase;
			buildActionMask = 2147483647;
			files = (
			);
			runOnlyForDeploymentPostprocessing = 0;
		};
		44DFD9B12DE9D0E000B6CD87 /* Sources */ = {
			isa = PBXSourcesBuildPhase;
			buildActionMask = 2147483647;
			files = (
			);
			runOnlyForDeploymentPostprocessing = 0;
		};
		9F781F0B2DF6CEFC00D7BEC6 /* Sources */ = {
			isa = PBXSourcesBuildPhase;
			buildActionMask = 2147483647;
			files = (
			);
			runOnlyForDeploymentPostprocessing = 0;
		};
/* End PBXSourcesBuildPhase section */

/* Begin PBXTargetDependency section */
		4439FF9A2E0913270092F53C /* PBXTargetDependency */ = {
			isa = PBXTargetDependency;
			target = 44DFD9B42DE9D0E000B6CD87 /* Clipster */;
			targetProxy = 4439FF992E0913270092F53C /* PBXContainerItemProxy */;
		};
		9F781F182DF6CEFC00D7BEC6 /* PBXTargetDependency */ = {
			isa = PBXTargetDependency;
			target = 9F781F0E2DF6CEFC00D7BEC6 /* ShareExtension */;
			targetProxy = 9F781F172DF6CEFC00D7BEC6 /* PBXContainerItemProxy */;
		};
/* End PBXTargetDependency section */

/* Begin XCBuildConfiguration section */
		4439FF9B2E0913270092F53C /* Debug */ = {
			isa = XCBuildConfiguration;
			buildSettings = {
				BUNDLE_LOADER = "$(TEST_HOST)";
				CODE_SIGN_IDENTITY = "Apple Development";
				CODE_SIGN_STYLE = Automatic;
				CURRENT_PROJECT_VERSION = 1;
				DEVELOPMENT_TEAM = 37CRZBHS68;
				GENERATE_INFOPLIST_FILE = YES;
				IPHONEOS_DEPLOYMENT_TARGET = 16.0;
				MACOSX_DEPLOYMENT_TARGET = 15.5;
				MARKETING_VERSION = 1.0;
				PRODUCT_BUNDLE_IDENTIFIER = com.saltshaker.clipster.ClipsterTests;
				PRODUCT_NAME = "$(TARGET_NAME)";
				PROVISIONING_PROFILE_SPECIFIER = "";
				SDKROOT = auto;
				SUPPORTED_PLATFORMS = "iphoneos iphonesimulator";
				SUPPORTS_MACCATALYST = NO;
				SWIFT_EMIT_LOC_STRINGS = NO;
				SWIFT_VERSION = 5.0;
				TARGETED_DEVICE_FAMILY = "1,2";
				TEST_HOST = "$(BUILT_PRODUCTS_DIR)/Clipster.app/$(BUNDLE_EXECUTABLE_FOLDER_PATH)/Clipster";
				XROS_DEPLOYMENT_TARGET = 2.5;
			};
			name = Debug;
		};
		4439FF9C2E0913270092F53C /* Release */ = {
			isa = XCBuildConfiguration;
			buildSettings = {
				BUNDLE_LOADER = "$(TEST_HOST)";
				CODE_SIGN_IDENTITY = "Apple Development";
				CODE_SIGN_STYLE = Automatic;
				CURRENT_PROJECT_VERSION = 1;
				DEVELOPMENT_TEAM = 37CRZBHS68;
				GENERATE_INFOPLIST_FILE = YES;
				IPHONEOS_DEPLOYMENT_TARGET = 16.0;
				MACOSX_DEPLOYMENT_TARGET = 15.5;
				MARKETING_VERSION = 1.0;
				PRODUCT_BUNDLE_IDENTIFIER = com.saltshaker.clipster.ClipsterTests;
				PRODUCT_NAME = "$(TARGET_NAME)";
				PROVISIONING_PROFILE_SPECIFIER = "";
				SDKROOT = auto;
				SUPPORTED_PLATFORMS = "iphoneos iphonesimulator";
				SUPPORTS_MACCATALYST = NO;
				SWIFT_EMIT_LOC_STRINGS = NO;
				SWIFT_VERSION = 5.0;
				TARGETED_DEVICE_FAMILY = "1,2";
				TEST_HOST = "$(BUILT_PRODUCTS_DIR)/Clipster.app/$(BUNDLE_EXECUTABLE_FOLDER_PATH)/Clipster";
				XROS_DEPLOYMENT_TARGET = 2.5;
			};
			name = Release;
		};
		44DFD9C92DE9D0E200B6CD87 /* Debug */ = {
			isa = XCBuildConfiguration;
			baseConfigurationReferenceAnchor = 44DFD9B72DE9D0E000B6CD87 /* Clipster */;
			baseConfigurationReferenceRelativePath = App/Derived/Config.xcconfig;
			buildSettings = {
				ASSETCATALOG_COMPILER_APPICON_NAME = AppIconDebug;
				ASSETCATALOG_COMPILER_GLOBAL_ACCENT_COLOR_NAME = AccentColor;
				CODE_SIGN_ENTITLEMENTS = Clipster/App/ClipsterDebug.entitlements;
				"CODE_SIGN_IDENTITY[sdk=iphoneos*]" = "iPhone Developer";
				CODE_SIGN_STYLE = Manual;
				CURRENT_PROJECT_VERSION = 2508041645;
				DEVELOPMENT_TEAM = "";
				"DEVELOPMENT_TEAM[sdk=iphoneos*]" = 37CRZBHS68;
				ENABLE_USER_SCRIPT_SANDBOXING = NO;
				GENERATE_INFOPLIST_FILE = YES;
				GOOGLE_CLIENT_ID = "${GOOGLE_CLIENT_ID}";
				INFOPLIST_FILE = Clipster/App/Derived/Info.plist;
				INFOPLIST_KEY_CFBundleDisplayName = "담담";
				INFOPLIST_KEY_LSApplicationCategoryType = "public.app-category.productivity";
				INFOPLIST_KEY_UIApplicationSupportsIndirectInputEvents = YES;
				INFOPLIST_KEY_UISupportedInterfaceOrientations = UIInterfaceOrientationPortrait;
				INFOPLIST_KEY_UISupportedInterfaceOrientations_iPad = "UIInterfaceOrientationLandscapeLeft UIInterfaceOrientationLandscapeRight UIInterfaceOrientationPortrait UIInterfaceOrientationPortraitUpsideDown";
				INFOPLIST_KEY_UIUserInterfaceStyle = Automatic;
				IPHONEOS_DEPLOYMENT_TARGET = 16.0;
				LD_RUNPATH_SEARCH_PATHS = (
					"$(inherited)",
					"@executable_path/Frameworks",
				);
				MARKETING_VERSION = 1.2.2;
				PRODUCT_BUNDLE_IDENTIFIER = com.saltshaker.clipster.debug;
				PRODUCT_NAME = "$(TARGET_NAME)";
				PROVISIONING_PROFILE_SPECIFIER = "";
				"PROVISIONING_PROFILE_SPECIFIER[sdk=iphoneos*]" = damdam_development_250625;
				SUPPORTED_PLATFORMS = "iphoneos iphonesimulator";
				SUPPORTS_MACCATALYST = NO;
				SUPPORTS_MAC_DESIGNED_FOR_IPHONE_IPAD = NO;
				SUPPORTS_XR_DESIGNED_FOR_IPHONE_IPAD = NO;
				SWIFT_EMIT_LOC_STRINGS = YES;
				SWIFT_VERSION = 5.0;
				TARGETED_DEVICE_FAMILY = "1,2";
			};
			name = Debug;
		};
		44DFD9CA2DE9D0E200B6CD87 /* Release */ = {
			isa = XCBuildConfiguration;
			baseConfigurationReferenceAnchor = 44DFD9B72DE9D0E000B6CD87 /* Clipster */;
			baseConfigurationReferenceRelativePath = App/Derived/Config.xcconfig;
			buildSettings = {
				ASSETCATALOG_COMPILER_APPICON_NAME = AppIcon;
				ASSETCATALOG_COMPILER_GLOBAL_ACCENT_COLOR_NAME = AccentColor;
				CODE_SIGN_ENTITLEMENTS = Clipster/App/ClipsterRelease.entitlements;
				"CODE_SIGN_IDENTITY[sdk=iphoneos*]" = "iPhone Distribution";
				CODE_SIGN_STYLE = Manual;
				CURRENT_PROJECT_VERSION = 2508041645;
				DEVELOPMENT_TEAM = "";
				"DEVELOPMENT_TEAM[sdk=iphoneos*]" = 37CRZBHS68;
				ENABLE_USER_SCRIPT_SANDBOXING = NO;
				GENERATE_INFOPLIST_FILE = YES;
				GOOGLE_CLIENT_ID = "${GOOGLE_CLIENT_ID}";
				INFOPLIST_FILE = Clipster/App/Derived/Info.plist;
				INFOPLIST_KEY_CFBundleDisplayName = "담담";
				INFOPLIST_KEY_LSApplicationCategoryType = "public.app-category.productivity";
				INFOPLIST_KEY_UIApplicationSupportsIndirectInputEvents = YES;
				INFOPLIST_KEY_UISupportedInterfaceOrientations = UIInterfaceOrientationPortrait;
				INFOPLIST_KEY_UISupportedInterfaceOrientations_iPad = "UIInterfaceOrientationLandscapeLeft UIInterfaceOrientationLandscapeRight UIInterfaceOrientationPortrait UIInterfaceOrientationPortraitUpsideDown";
				INFOPLIST_KEY_UIUserInterfaceStyle = Automatic;
				IPHONEOS_DEPLOYMENT_TARGET = 16.0;
				LD_RUNPATH_SEARCH_PATHS = (
					"$(inherited)",
					"@executable_path/Frameworks",
				);
				MARKETING_VERSION = 1.2.2;
				PRODUCT_BUNDLE_IDENTIFIER = com.saltshaker.clipster;
				PRODUCT_NAME = "$(TARGET_NAME)";
				PROVISIONING_PROFILE_SPECIFIER = "";
				"PROVISIONING_PROFILE_SPECIFIER[sdk=iphoneos*]" = damdam_distribution_250625;
				SUPPORTED_PLATFORMS = "iphoneos iphonesimulator";
				SUPPORTS_MACCATALYST = NO;
				SUPPORTS_MAC_DESIGNED_FOR_IPHONE_IPAD = NO;
				SUPPORTS_XR_DESIGNED_FOR_IPHONE_IPAD = NO;
				SWIFT_EMIT_LOC_STRINGS = YES;
				SWIFT_VERSION = 5.0;
				TARGETED_DEVICE_FAMILY = "1,2";
			};
			name = Release;
		};
		44DFD9CB2DE9D0E200B6CD87 /* Debug */ = {
			isa = XCBuildConfiguration;
			baseConfigurationReferenceAnchor = 44DFD9B72DE9D0E000B6CD87 /* Clipster */;
			baseConfigurationReferenceRelativePath = App/Derived/Config.xcconfig;
			buildSettings = {
				ALWAYS_SEARCH_USER_PATHS = NO;
				ASSETCATALOG_COMPILER_GENERATE_SWIFT_ASSET_SYMBOL_EXTENSIONS = YES;
				CLANG_ANALYZER_LOCALIZABILITY_NONLOCALIZED = YES;
				CLANG_ANALYZER_NONNULL = YES;
				CLANG_ANALYZER_NUMBER_OBJECT_CONVERSION = YES_AGGRESSIVE;
				CLANG_CXX_LANGUAGE_STANDARD = "gnu++20";
				CLANG_ENABLE_MODULES = YES;
				CLANG_ENABLE_OBJC_ARC = YES;
				CLANG_ENABLE_OBJC_WEAK = YES;
				CLANG_WARN_BLOCK_CAPTURE_AUTORELEASING = YES;
				CLANG_WARN_BOOL_CONVERSION = YES;
				CLANG_WARN_COMMA = YES;
				CLANG_WARN_CONSTANT_CONVERSION = YES;
				CLANG_WARN_DEPRECATED_OBJC_IMPLEMENTATIONS = YES;
				CLANG_WARN_DIRECT_OBJC_ISA_USAGE = YES_ERROR;
				CLANG_WARN_DOCUMENTATION_COMMENTS = YES;
				CLANG_WARN_EMPTY_BODY = YES;
				CLANG_WARN_ENUM_CONVERSION = YES;
				CLANG_WARN_INFINITE_RECURSION = YES;
				CLANG_WARN_INT_CONVERSION = YES;
				CLANG_WARN_NON_LITERAL_NULL_CONVERSION = YES;
				CLANG_WARN_OBJC_IMPLICIT_RETAIN_SELF = YES;
				CLANG_WARN_OBJC_LITERAL_CONVERSION = YES;
				CLANG_WARN_OBJC_ROOT_CLASS = YES_ERROR;
				CLANG_WARN_QUOTED_INCLUDE_IN_FRAMEWORK_HEADER = YES;
				CLANG_WARN_RANGE_LOOP_ANALYSIS = YES;
				CLANG_WARN_STRICT_PROTOTYPES = YES;
				CLANG_WARN_SUSPICIOUS_MOVE = YES;
				CLANG_WARN_UNGUARDED_AVAILABILITY = YES_AGGRESSIVE;
				CLANG_WARN_UNREACHABLE_CODE = YES;
				CLANG_WARN__DUPLICATE_METHOD_MATCH = YES;
				COPY_PHASE_STRIP = NO;
				DEBUG_INFORMATION_FORMAT = dwarf;
				ENABLE_STRICT_OBJC_MSGSEND = YES;
				ENABLE_TESTABILITY = YES;
				ENABLE_USER_SCRIPT_SANDBOXING = YES;
				GCC_C_LANGUAGE_STANDARD = gnu17;
				GCC_DYNAMIC_NO_PIC = NO;
				GCC_NO_COMMON_BLOCKS = YES;
				GCC_OPTIMIZATION_LEVEL = 0;
				GCC_PREPROCESSOR_DEFINITIONS = (
					"DEBUG=1",
					"$(inherited)",
				);
				GCC_WARN_64_TO_32_BIT_CONVERSION = YES;
				GCC_WARN_ABOUT_RETURN_TYPE = YES_ERROR;
				GCC_WARN_UNDECLARED_SELECTOR = YES;
				GCC_WARN_UNINITIALIZED_AUTOS = YES_AGGRESSIVE;
				GCC_WARN_UNUSED_FUNCTION = YES;
				GCC_WARN_UNUSED_VARIABLE = YES;
				IPHONEOS_DEPLOYMENT_TARGET = 18.4;
				LOCALIZATION_PREFERS_STRING_CATALOGS = YES;
				MTL_ENABLE_DEBUG_INFO = INCLUDE_SOURCE;
				MTL_FAST_MATH = YES;
				ONLY_ACTIVE_ARCH = YES;
				SDKROOT = iphoneos;
				SWIFT_ACTIVE_COMPILATION_CONDITIONS = "DEBUG $(inherited)";
				SWIFT_OPTIMIZATION_LEVEL = "-Onone";
			};
			name = Debug;
		};
		44DFD9CC2DE9D0E200B6CD87 /* Release */ = {
			isa = XCBuildConfiguration;
			baseConfigurationReferenceAnchor = 44DFD9B72DE9D0E000B6CD87 /* Clipster */;
			baseConfigurationReferenceRelativePath = App/Derived/Config.xcconfig;
			buildSettings = {
				ALWAYS_SEARCH_USER_PATHS = NO;
				ASSETCATALOG_COMPILER_GENERATE_SWIFT_ASSET_SYMBOL_EXTENSIONS = YES;
				CLANG_ANALYZER_LOCALIZABILITY_NONLOCALIZED = YES;
				CLANG_ANALYZER_NONNULL = YES;
				CLANG_ANALYZER_NUMBER_OBJECT_CONVERSION = YES_AGGRESSIVE;
				CLANG_CXX_LANGUAGE_STANDARD = "gnu++20";
				CLANG_ENABLE_MODULES = YES;
				CLANG_ENABLE_OBJC_ARC = YES;
				CLANG_ENABLE_OBJC_WEAK = YES;
				CLANG_WARN_BLOCK_CAPTURE_AUTORELEASING = YES;
				CLANG_WARN_BOOL_CONVERSION = YES;
				CLANG_WARN_COMMA = YES;
				CLANG_WARN_CONSTANT_CONVERSION = YES;
				CLANG_WARN_DEPRECATED_OBJC_IMPLEMENTATIONS = YES;
				CLANG_WARN_DIRECT_OBJC_ISA_USAGE = YES_ERROR;
				CLANG_WARN_DOCUMENTATION_COMMENTS = YES;
				CLANG_WARN_EMPTY_BODY = YES;
				CLANG_WARN_ENUM_CONVERSION = YES;
				CLANG_WARN_INFINITE_RECURSION = YES;
				CLANG_WARN_INT_CONVERSION = YES;
				CLANG_WARN_NON_LITERAL_NULL_CONVERSION = YES;
				CLANG_WARN_OBJC_IMPLICIT_RETAIN_SELF = YES;
				CLANG_WARN_OBJC_LITERAL_CONVERSION = YES;
				CLANG_WARN_OBJC_ROOT_CLASS = YES_ERROR;
				CLANG_WARN_QUOTED_INCLUDE_IN_FRAMEWORK_HEADER = YES;
				CLANG_WARN_RANGE_LOOP_ANALYSIS = YES;
				CLANG_WARN_STRICT_PROTOTYPES = YES;
				CLANG_WARN_SUSPICIOUS_MOVE = YES;
				CLANG_WARN_UNGUARDED_AVAILABILITY = YES_AGGRESSIVE;
				CLANG_WARN_UNREACHABLE_CODE = YES;
				CLANG_WARN__DUPLICATE_METHOD_MATCH = YES;
				COPY_PHASE_STRIP = NO;
				DEBUG_INFORMATION_FORMAT = "dwarf-with-dsym";
				ENABLE_NS_ASSERTIONS = NO;
				ENABLE_STRICT_OBJC_MSGSEND = YES;
				ENABLE_USER_SCRIPT_SANDBOXING = YES;
				GCC_C_LANGUAGE_STANDARD = gnu17;
				GCC_NO_COMMON_BLOCKS = YES;
				GCC_WARN_64_TO_32_BIT_CONVERSION = YES;
				GCC_WARN_ABOUT_RETURN_TYPE = YES_ERROR;
				GCC_WARN_UNDECLARED_SELECTOR = YES;
				GCC_WARN_UNINITIALIZED_AUTOS = YES_AGGRESSIVE;
				GCC_WARN_UNUSED_FUNCTION = YES;
				GCC_WARN_UNUSED_VARIABLE = YES;
				IPHONEOS_DEPLOYMENT_TARGET = 18.4;
				LOCALIZATION_PREFERS_STRING_CATALOGS = YES;
				MTL_ENABLE_DEBUG_INFO = NO;
				MTL_FAST_MATH = YES;
				SDKROOT = iphoneos;
				SWIFT_COMPILATION_MODE = wholemodule;
				VALIDATE_PRODUCT = YES;
			};
			name = Release;
		};
		9F781F1B2DF6CEFC00D7BEC6 /* Debug */ = {
			isa = XCBuildConfiguration;
			baseConfigurationReferenceAnchor = 44DFD9B72DE9D0E000B6CD87 /* Clipster */;
			baseConfigurationReferenceRelativePath = App/Derived/Config.xcconfig;
			buildSettings = {
				CODE_SIGN_ENTITLEMENTS = ShareExtension/ShareExtensionDebug.entitlements;
				CODE_SIGN_IDENTITY = "Apple Development";
				"CODE_SIGN_IDENTITY[sdk=iphoneos*]" = "iPhone Developer";
				CODE_SIGN_STYLE = Manual;
				CURRENT_PROJECT_VERSION = 2508041645;
				DEVELOPMENT_TEAM = "";
				"DEVELOPMENT_TEAM[sdk=iphoneos*]" = 37CRZBHS68;
				GENERATE_INFOPLIST_FILE = YES;
				INFOPLIST_FILE = ShareExtension/Info.plist;
				INFOPLIST_KEY_CFBundleDisplayName = ShareExtension;
				INFOPLIST_KEY_NSHumanReadableCopyright = "";
				INFOPLIST_KEY_UIUserInterfaceStyle = Automatic;
				IPHONEOS_DEPLOYMENT_TARGET = 16.0;
				LD_RUNPATH_SEARCH_PATHS = (
					"$(inherited)",
					"@executable_path/Frameworks",
					"@executable_path/../../Frameworks",
				);
				MARKETING_VERSION = 1.2.2;
				PRODUCT_BUNDLE_IDENTIFIER = com.saltshaker.clipster.debug.ShareExtension;
				PRODUCT_NAME = "$(TARGET_NAME)";
				PROVISIONING_PROFILE_SPECIFIER = "";
				"PROVISIONING_PROFILE_SPECIFIER[sdk=iphoneos*]" = damdam_shareextension_development_250625;
				SKIP_INSTALL = YES;
				SUPPORTED_PLATFORMS = "iphoneos iphonesimulator";
				SUPPORTS_MACCATALYST = NO;
				SUPPORTS_MAC_DESIGNED_FOR_IPHONE_IPAD = NO;
				SUPPORTS_XR_DESIGNED_FOR_IPHONE_IPAD = NO;
				SWIFT_EMIT_LOC_STRINGS = YES;
				SWIFT_VERSION = 5.0;
				TARGETED_DEVICE_FAMILY = "1,2";
			};
			name = Debug;
		};
		9F781F1C2DF6CEFC00D7BEC6 /* Release */ = {
			isa = XCBuildConfiguration;
			baseConfigurationReferenceAnchor = 44DFD9B72DE9D0E000B6CD87 /* Clipster */;
			baseConfigurationReferenceRelativePath = App/Derived/Config.xcconfig;
			buildSettings = {
				CODE_SIGN_ENTITLEMENTS = ShareExtension/ShareExtensionRelease.entitlements;
				"CODE_SIGN_IDENTITY[sdk=iphoneos*]" = "iPhone Distribution";
				CODE_SIGN_STYLE = Manual;
				CURRENT_PROJECT_VERSION = 2508041645;
				DEVELOPMENT_TEAM = "";
				"DEVELOPMENT_TEAM[sdk=iphoneos*]" = 37CRZBHS68;
				GENERATE_INFOPLIST_FILE = YES;
				INFOPLIST_FILE = ShareExtension/Info.plist;
				INFOPLIST_KEY_CFBundleDisplayName = ShareExtension;
				INFOPLIST_KEY_NSHumanReadableCopyright = "";
				INFOPLIST_KEY_UIUserInterfaceStyle = Automatic;
				IPHONEOS_DEPLOYMENT_TARGET = 16.0;
				LD_RUNPATH_SEARCH_PATHS = (
					"$(inherited)",
					"@executable_path/Frameworks",
					"@executable_path/../../Frameworks",
				);
				MARKETING_VERSION = 1.2.2;
				PRODUCT_BUNDLE_IDENTIFIER = com.saltshaker.clipster.ShareExtension;
				PRODUCT_NAME = "$(TARGET_NAME)";
				PROVISIONING_PROFILE_SPECIFIER = "";
				"PROVISIONING_PROFILE_SPECIFIER[sdk=iphoneos*]" = damdam_shareextension_distribution_250625;
				SKIP_INSTALL = YES;
				SUPPORTED_PLATFORMS = "iphoneos iphonesimulator";
				SUPPORTS_MACCATALYST = NO;
				SUPPORTS_MAC_DESIGNED_FOR_IPHONE_IPAD = NO;
				SUPPORTS_XR_DESIGNED_FOR_IPHONE_IPAD = NO;
				SWIFT_EMIT_LOC_STRINGS = YES;
				SWIFT_VERSION = 5.0;
				TARGETED_DEVICE_FAMILY = "1,2";
			};
			name = Release;
		};
/* End XCBuildConfiguration section */

/* Begin XCConfigurationList section */
		4439FF9D2E0913270092F53C /* Build configuration list for PBXNativeTarget "ClipsterTests" */ = {
			isa = XCConfigurationList;
			buildConfigurations = (
				4439FF9B2E0913270092F53C /* Debug */,
				4439FF9C2E0913270092F53C /* Release */,
			);
			defaultConfigurationIsVisible = 0;
			defaultConfigurationName = Release;
		};
		44DFD9B02DE9D0E000B6CD87 /* Build configuration list for PBXProject "Clipster" */ = {
			isa = XCConfigurationList;
			buildConfigurations = (
				44DFD9CB2DE9D0E200B6CD87 /* Debug */,
				44DFD9CC2DE9D0E200B6CD87 /* Release */,
			);
			defaultConfigurationIsVisible = 0;
			defaultConfigurationName = Release;
		};
		44DFD9C82DE9D0E200B6CD87 /* Build configuration list for PBXNativeTarget "Clipster" */ = {
			isa = XCConfigurationList;
			buildConfigurations = (
				44DFD9C92DE9D0E200B6CD87 /* Debug */,
				44DFD9CA2DE9D0E200B6CD87 /* Release */,
			);
			defaultConfigurationIsVisible = 0;
			defaultConfigurationName = Release;
		};
		9F781F1D2DF6CEFC00D7BEC6 /* Build configuration list for PBXNativeTarget "ShareExtension" */ = {
			isa = XCConfigurationList;
			buildConfigurations = (
				9F781F1B2DF6CEFC00D7BEC6 /* Debug */,
				9F781F1C2DF6CEFC00D7BEC6 /* Release */,
			);
			defaultConfigurationIsVisible = 0;
			defaultConfigurationName = Release;
		};
/* End XCConfigurationList section */

/* Begin XCRemoteSwiftPackageReference section */
		442D5AAE2DFFB069002E4E68 /* XCRemoteSwiftPackageReference "ReactorKit" */ = {
			isa = XCRemoteSwiftPackageReference;
			repositoryURL = "https://github.com/ReactorKit/ReactorKit";
			requirement = {
				kind = upToNextMajorVersion;
				minimumVersion = 3.2.0;
			};
		};
		443905102E0A78800092F53C /* XCRemoteSwiftPackageReference "supabase-swift" */ = {
			isa = XCRemoteSwiftPackageReference;
			repositoryURL = "https://github.com/supabase/supabase-swift.git";
			requirement = {
				kind = upToNextMajorVersion;
				minimumVersion = 2.5.1;
			};
		};
		44DFD9CD2DE9D36400B6CD87 /* XCRemoteSwiftPackageReference "RxSwift" */ = {
			isa = XCRemoteSwiftPackageReference;
			repositoryURL = "https://github.com/ReactiveX/RxSwift";
			requirement = {
				kind = upToNextMajorVersion;
				minimumVersion = 6.9.0;
			};
		};
		44DFD9D42DE9D37000B6CD87 /* XCRemoteSwiftPackageReference "SnapKit" */ = {
			isa = XCRemoteSwiftPackageReference;
			repositoryURL = "https://github.com/SnapKit/SnapKit";
			requirement = {
				kind = upToNextMajorVersion;
				minimumVersion = 5.7.1;
			};
		};
		44DFD9DA2DE9D39300B6CD87 /* XCRemoteSwiftPackageReference "Kingfisher" */ = {
			isa = XCRemoteSwiftPackageReference;
			repositoryURL = "https://github.com/onevcat/Kingfisher";
			requirement = {
				kind = upToNextMajorVersion;
				minimumVersion = 8.3.2;
			};
		};
		E5C2F0E52E0D0045006BAC60 /* XCRemoteSwiftPackageReference "GoogleSignIn-iOS" */ = {
			isa = XCRemoteSwiftPackageReference;
			repositoryURL = "https://github.com/google/GoogleSignIn-iOS";
			requirement = {
				kind = upToNextMajorVersion;
				minimumVersion = 8.0.0;
			};
		};
/* End XCRemoteSwiftPackageReference section */

/* Begin XCSwiftPackageProductDependency section */
		442D5AAF2DFFB069002E4E68 /* ReactorKit */ = {
			isa = XCSwiftPackageProductDependency;
			package = 442D5AAE2DFFB069002E4E68 /* XCRemoteSwiftPackageReference "ReactorKit" */;
			productName = ReactorKit;
		};
		443905112E0A78800092F53C /* Auth */ = {
			isa = XCSwiftPackageProductDependency;
			package = 443905102E0A78800092F53C /* XCRemoteSwiftPackageReference "supabase-swift" */;
			productName = Auth;
		};
		443905132E0A78800092F53C /* Storage */ = {
			isa = XCSwiftPackageProductDependency;
			package = 443905102E0A78800092F53C /* XCRemoteSwiftPackageReference "supabase-swift" */;
			productName = Storage;
		};
		443905152E0A78800092F53C /* Supabase */ = {
			isa = XCSwiftPackageProductDependency;
			package = 443905102E0A78800092F53C /* XCRemoteSwiftPackageReference "supabase-swift" */;
			productName = Supabase;
		};
		44DFD9CE2DE9D36400B6CD87 /* RxCocoa */ = {
			isa = XCSwiftPackageProductDependency;
			package = 44DFD9CD2DE9D36400B6CD87 /* XCRemoteSwiftPackageReference "RxSwift" */;
			productName = RxCocoa;
		};
		44DFD9D02DE9D36400B6CD87 /* RxRelay */ = {
			isa = XCSwiftPackageProductDependency;
			package = 44DFD9CD2DE9D36400B6CD87 /* XCRemoteSwiftPackageReference "RxSwift" */;
			productName = RxRelay;
		};
		44DFD9D22DE9D36400B6CD87 /* RxSwift */ = {
			isa = XCSwiftPackageProductDependency;
			package = 44DFD9CD2DE9D36400B6CD87 /* XCRemoteSwiftPackageReference "RxSwift" */;
			productName = RxSwift;
		};
		44DFD9D52DE9D37000B6CD87 /* SnapKit */ = {
			isa = XCSwiftPackageProductDependency;
			package = 44DFD9D42DE9D37000B6CD87 /* XCRemoteSwiftPackageReference "SnapKit" */;
			productName = SnapKit;
		};
		44DFD9DB2DE9D39300B6CD87 /* Kingfisher */ = {
			isa = XCSwiftPackageProductDependency;
			package = 44DFD9DA2DE9D39300B6CD87 /* XCRemoteSwiftPackageReference "Kingfisher" */;
			productName = Kingfisher;
		};
		9F3CC6F52E140D3300FB8755 /* RxCocoa */ = {
			isa = XCSwiftPackageProductDependency;
			package = 44DFD9CD2DE9D36400B6CD87 /* XCRemoteSwiftPackageReference "RxSwift" */;
			productName = RxCocoa;
		};
		9F3CC6F72E140D3300FB8755 /* RxRelay */ = {
			isa = XCSwiftPackageProductDependency;
			package = 44DFD9CD2DE9D36400B6CD87 /* XCRemoteSwiftPackageReference "RxSwift" */;
			productName = RxRelay;
		};
		9F3CC6F92E140D3300FB8755 /* RxSwift */ = {
			isa = XCSwiftPackageProductDependency;
			package = 44DFD9CD2DE9D36400B6CD87 /* XCRemoteSwiftPackageReference "RxSwift" */;
			productName = RxSwift;
		};
		9F3CC6FB2E140D3300FB8755 /* SnapKit */ = {
			isa = XCSwiftPackageProductDependency;
			package = 44DFD9D42DE9D37000B6CD87 /* XCRemoteSwiftPackageReference "SnapKit" */;
			productName = SnapKit;
		};
		9F3CC6FD2E140D3300FB8755 /* Kingfisher */ = {
			isa = XCSwiftPackageProductDependency;
			package = 44DFD9DA2DE9D39300B6CD87 /* XCRemoteSwiftPackageReference "Kingfisher" */;
			productName = Kingfisher;
		};
		9F3CCB3B2E1414C900FB8755 /* ReactorKit */ = {
			isa = XCSwiftPackageProductDependency;
			package = 442D5AAE2DFFB069002E4E68 /* XCRemoteSwiftPackageReference "ReactorKit" */;
			productName = ReactorKit;
		};
		E5C2F0E62E0D0045006BAC60 /* GoogleSignIn */ = {
			isa = XCSwiftPackageProductDependency;
			package = E5C2F0E52E0D0045006BAC60 /* XCRemoteSwiftPackageReference "GoogleSignIn-iOS" */;
			productName = GoogleSignIn;
		};
/* End XCSwiftPackageProductDependency section */
	};
	rootObject = 44DFD9AD2DE9D0E000B6CD87 /* Project object */;
}
